// !$*UTF8*$!
{
	archiveVersion = 1;
	classes = {
	};
	objectVersion = 50;
	objects = {

/* Begin PBXBuildFile section */
		B78B0B7C2686067D00E036EF /* Calculator.m in Sources */ = {isa = PBXBuildFile; fileRef = B78B0B7B2686067D00E036EF /* Calculator.m */; };
		B78B0B7F26861A5000E036EF /* LetterChecker.m in Sources */ = {isa = PBXBuildFile; fileRef = B78B0B7E26861A5000E036EF /* LetterChecker.m */; };
		B78B0B82268F6D9B00E036EF /* Student.m in Sources */ = {isa = PBXBuildFile; fileRef = B78B0B81268F6D9B00E036EF /* Student.m */; };
		B7A8299C267CDF85002FAD45 /* main.m in Sources */ = {isa = PBXBuildFile; fileRef = B7A8299B267CDF85002FAD45 /* main.m */; };
/* End PBXBuildFile section */

/* Begin PBXCopyFilesBuildPhase section */
		B7A82996267CDF85002FAD45 /* CopyFiles */ = {
			isa = PBXCopyFilesBuildPhase;
			buildActionMask = 2147483647;
			dstPath = /usr/share/man/man1/;
			dstSubfolderSpec = 0;
			files = (
			);
			runOnlyForDeploymentPostprocessing = 1;
		};
/* End PBXCopyFilesBuildPhase section */

/* Begin PBXFileReference section */
		B78B0B7A2686067D00E036EF /* Calculator.h */ = {isa = PBXFileReference; lastKnownFileType = sourcecode.c.h; path = Calculator.h; sourceTree = "<group>"; };
		B78B0B7B2686067D00E036EF /* Calculator.m */ = {isa = PBXFileReference; lastKnownFileType = sourcecode.c.objc; path = Calculator.m; sourceTree = "<group>"; };
		B78B0B7D26861A5000E036EF /* LetterChecker.h */ = {isa = PBXFileReference; lastKnownFileType = sourcecode.c.h; path = LetterChecker.h; sourceTree = "<group>"; };
		B78B0B7E26861A5000E036EF /* LetterChecker.m */ = {isa = PBXFileReference; lastKnownFileType = sourcecode.c.objc; path = LetterChecker.m; sourceTree = "<group>"; };
		B78B0B80268F6D9B00E036EF /* Student.h */ = {isa = PBXFileReference; lastKnownFileType = sourcecode.c.h; path = Student.h; sourceTree = "<group>"; };
		B78B0B81268F6D9B00E036EF /* Student.m */ = {isa = PBXFileReference; lastKnownFileType = sourcecode.c.objc; path = Student.m; sourceTree = "<group>"; };
		B7A82998267CDF85002FAD45 /* Objective-C(LessonOneManual) */ = {isa = PBXFileReference; explicitFileType = "compiled.mach-o.executable"; includeInIndex = 0; path = "Objective-C(LessonOneManual)"; sourceTree = BUILT_PRODUCTS_DIR; };
		B7A8299B267CDF85002FAD45 /* main.m */ = {isa = PBXFileReference; lastKnownFileType = sourcecode.c.objc; path = main.m; sourceTree = "<group>"; };
/* End PBXFileReference section */

/* Begin PBXFrameworksBuildPhase section */
		B7A82995267CDF85002FAD45 /* Frameworks */ = {
			isa = PBXFrameworksBuildPhase;
			buildActionMask = 2147483647;
			files = (
			);
			runOnlyForDeploymentPostprocessing = 0;
		};
/* End PBXFrameworksBuildPhase section */

/* Begin PBXGroup section */
		B7A8298F267CDF85002FAD45 = {
			isa = PBXGroup;
			children = (
				B7A8299A267CDF85002FAD45 /* Objective-C(LessonOneManual) */,
				B7A82999267CDF85002FAD45 /* Products */,
			);
			sourceTree = "<group>";
		};
		B7A82999267CDF85002FAD45 /* Products */ = {
			isa = PBXGroup;
			children = (
				B7A82998267CDF85002FAD45 /* Objective-C(LessonOneManual) */,
			);
			name = Products;
			sourceTree = "<group>";
		};
		B7A8299A267CDF85002FAD45 /* Objective-C(LessonOneManual) */ = {
			isa = PBXGroup;
			children = (
				B7A8299B267CDF85002FAD45 /* main.m */,
				B78B0B7A2686067D00E036EF /* Calculator.h */,
				B78B0B7B2686067D00E036EF /* Calculator.m */,
				B78B0B7D26861A5000E036EF /* LetterChecker.h */,
				B78B0B7E26861A5000E036EF /* LetterChecker.m */,
				B78B0B80268F6D9B00E036EF /* Student.h */,
				B78B0B81268F6D9B00E036EF /* Student.m */,
			);
			path = "Objective-C(LessonOneManual)";
			sourceTree = "<group>";
		};
/* End PBXGroup section */

/* Begin PBXNativeTarget section */
		B7A82997267CDF85002FAD45 /* Objective-C(LessonOneManual) */ = {
			isa = PBXNativeTarget;
			buildConfigurationList = B7A8299F267CDF85002FAD45 /* Build configuration list for PBXNativeTarget "Objective-C(LessonOneManual)" */;
			buildPhases = (
				B7A82994267CDF85002FAD45 /* Sources */,
				B7A82995267CDF85002FAD45 /* Frameworks */,
				B7A82996267CDF85002FAD45 /* CopyFiles */,
			);
			buildRules = (
			);
			dependencies = (
			);
			name = "Objective-C(LessonOneManual)";
			productName = "Objective-C(LessonOneManual)";
			productReference = B7A82998267CDF85002FAD45 /* Objective-C(LessonOneManual) */;
			productType = "com.apple.product-type.tool";
		};
/* End PBXNativeTarget section */

/* Begin PBXProject section */
		B7A82990267CDF85002FAD45 /* Project object */ = {
			isa = PBXProject;
			attributes = {
				LastUpgradeCheck = 1250;
				TargetAttributes = {
					B7A82997267CDF85002FAD45 = {
						CreatedOnToolsVersion = 12.5;
					};
				};
			};
			buildConfigurationList = B7A82993267CDF85002FAD45 /* Build configuration list for PBXProject "Objective-C(LessonOneManual)" */;
			compatibilityVersion = "Xcode 9.3";
			developmentRegion = en;
			hasScannedForEncodings = 0;
			knownRegions = (
				en,
				Base,
			);
			mainGroup = B7A8298F267CDF85002FAD45;
			productRefGroup = B7A82999267CDF85002FAD45 /* Products */;
			projectDirPath = "";
			projectRoot = "";
			targets = (
				B7A82997267CDF85002FAD45 /* Objective-C(LessonOneManual) */,
			);
		};
/* End PBXProject section */

/* Begin PBXSourcesBuildPhase section */
		B7A82994267CDF85002FAD45 /* Sources */ = {
			isa = PBXSourcesBuildPhase;
			buildActionMask = 2147483647;
			files = (
				B7A8299C267CDF85002FAD45 /* main.m in Sources */,
				B78B0B7F26861A5000E036EF /* LetterChecker.m in Sources */,
				B78B0B7C2686067D00E036EF /* Calculator.m in Sources */,
				B78B0B82268F6D9B00E036EF /* Student.m in Sources */,
			);
			runOnlyForDeploymentPostprocessing = 0;
		};
/* End PBXSourcesBuildPhase section */

/* Begin XCBuildConfiguration section */
		B7A8299D267CDF85002FAD45 /* Debug */ = {
			isa = XCBuildConfiguration;
			buildSettings = {
				ALWAYS_SEARCH_USER_PATHS = NO;
				CLANG_ANALYZER_NONNULL = YES;
				CLANG_ANALYZER_NUMBER_OBJECT_CONVERSION = YES_AGGRESSIVE;
				CLANG_CXX_LANGUAGE_STANDARD = "gnu++14";
				CLANG_CXX_LIBRARY = "libc++";
				CLANG_ENABLE_MODULES = YES;
				CLANG_ENABLE_OBJC_ARC = YES;
				CLANG_ENABLE_OBJC_WEAK = YES;
				CLANG_WARN_BLOCK_CAPTURE_AUTORELEASING = YES;
				CLANG_WARN_BOOL_CONVERSION = YES;
				CLANG_WARN_COMMA = YES;
				CLANG_WARN_CONSTANT_CONVERSION = YES;
				CLANG_WARN_DEPRECATED_OBJC_IMPLEMENTATIONS = YES;
				CLANG_WARN_DIRECT_OBJC_ISA_USAGE = YES_ERROR;
				CLANG_WARN_DOCUMENTATION_COMMENTS = YES;
				CLANG_WARN_EMPTY_BODY = YES;
				CLANG_WARN_ENUM_CONVERSION = YES;
				CLANG_WARN_INFINITE_RECURSION = YES;
				CLANG_WARN_INT_CONVERSION = YES;
				CLANG_WARN_NON_LITERAL_NULL_CONVERSION = YES;
				CLANG_WARN_OBJC_IMPLICIT_RETAIN_SELF = YES;
				CLANG_WARN_OBJC_LITERAL_CONVERSION = YES;
				CLANG_WARN_OBJC_ROOT_CLASS = YES_ERROR;
				CLANG_WARN_QUOTED_INCLUDE_IN_FRAMEWORK_HEADER = YES;
				CLANG_WARN_RANGE_LOOP_ANALYSIS = YES;
				CLANG_WARN_STRICT_PROTOTYPES = YES;
				CLANG_WARN_SUSPICIOUS_MOVE = YES;
				CLANG_WARN_UNGUARDED_AVAILABILITY = YES_AGGRESSIVE;
				CLANG_WARN_UNREACHABLE_CODE = YES;
				CLANG_WARN__DUPLICATE_METHOD_MATCH = YES;
				COPY_PHASE_STRIP = NO;
				DEBUG_INFORMATION_FORMAT = dwarf;
				ENABLE_STRICT_OBJC_MSGSEND = YES;
				ENABLE_TESTABILITY = YES;
				GCC_C_LANGUAGE_STANDARD = gnu11;
				GCC_DYNAMIC_NO_PIC = NO;
				GCC_NO_COMMON_BLOCKS = YES;
				GCC_OPTIMIZATION_LEVEL = 0;
				GCC_PREPROCESSOR_DEFINITIONS = (
					"DEBUG=1",
					"$(inherited)",
				);
				GCC_WARN_64_TO_32_BIT_CONVERSION = YES;
				GCC_WARN_ABOUT_RETURN_TYPE = YES_ERROR;
				GCC_WARN_UNDECLARED_SELECTOR = YES;
				GCC_WARN_UNINITIALIZED_AUTOS = YES_AGGRESSIVE;
				GCC_WARN_UNUSED_FUNCTION = YES;
				GCC_WARN_UNUSED_VARIABLE = YES;
				MACOSX_DEPLOYMENT_TARGET = 11.3;
				MTL_ENABLE_DEBUG_INFO = INCLUDE_SOURCE;
				MTL_FAST_MATH = YES;
				ONLY_ACTIVE_ARCH = YES;
				SDKROOT = macosx;
			};
			name = Debug;
		};
		B7A8299E267CDF85002FAD45 /* Release */ = {
			isa = XCBuildConfiguration;
			buildSettings = {
				ALWAYS_SEARCH_USER_PATHS = NO;
				CLANG_ANALYZER_NONNULL = YES;
				CLANG_ANALYZER_NUMBER_OBJECT_CONVERSION = YES_AGGRESSIVE;
				CLANG_CXX_LANGUAGE_STANDARD = "gnu++14";
				CLANG_CXX_LIBRARY = "libc++";
				CLANG_ENABLE_MODULES = YES;
				CLANG_ENABLE_OBJC_ARC = YES;
				CLANG_ENABLE_OBJC_WEAK = YES;
				CLANG_WARN_BLOCK_CAPTURE_AUTORELEASING = YES;
				CLANG_WARN_BOOL_CONVERSION = YES;
				CLANG_WARN_COMMA = YES;
				CLANG_WARN_CONSTANT_CONVERSION = YES;
				CLANG_WARN_DEPRECATED_OBJC_IMPLEMENTATIONS = YES;
				CLANG_WARN_DIRECT_OBJC_ISA_USAGE = YES_ERROR;
				CLANG_WARN_DOCUMENTATION_COMMENTS = YES;
				CLANG_WARN_EMPTY_BODY = YES;
				CLANG_WARN_ENUM_CONVERSION = YES;
				CLANG_WARN_INFINITE_RECURSION = YES;
				CLANG_WARN_INT_CONVERSION = YES;
				CLANG_WARN_NON_LITERAL_NULL_CONVERSION = YES;
				CLANG_WARN_OBJC_IMPLICIT_RETAIN_SELF = YES;
				CLANG_WARN_OBJC_LITERAL_CONVERSION = YES;
				CLANG_WARN_OBJC_ROOT_CLASS = YES_ERROR;
				CLANG_WARN_QUOTED_INCLUDE_IN_FRAMEWORK_HEADER = YES;
				CLANG_WARN_RANGE_LOOP_ANALYSIS = YES;
				CLANG_WARN_STRICT_PROTOTYPES = YES;
				CLANG_WARN_SUSPICIOUS_MOVE = YES;
				CLANG_WARN_UNGUARDED_AVAILABILITY = YES_AGGRESSIVE;
				CLANG_WARN_UNREACHABLE_CODE = YES;
				CLANG_WARN__DUPLICATE_METHOD_MATCH = YES;
				COPY_PHASE_STRIP = NO;
				DEBUG_INFORMATION_FORMAT = "dwarf-with-dsym";
				ENABLE_NS_ASSERTIONS = NO;
				ENABLE_STRICT_OBJC_MSGSEND = YES;
				GCC_C_LANGUAGE_STANDARD = gnu11;
				GCC_NO_COMMON_BLOCKS = YES;
				GCC_WARN_64_TO_32_BIT_CONVERSION = YES;
				GCC_WARN_ABOUT_RETURN_TYPE = YES_ERROR;
				GCC_WARN_UNDECLARED_SELECTOR = YES;
				GCC_WARN_UNINITIALIZED_AUTOS = YES_AGGRESSIVE;
				GCC_WARN_UNUSED_FUNCTION = YES;
				GCC_WARN_UNUSED_VARIABLE = YES;
				MACOSX_DEPLOYMENT_TARGET = 11.3;
				MTL_ENABLE_DEBUG_INFO = NO;
				MTL_FAST_MATH = YES;
				SDKROOT = macosx;
			};
			name = Release;
		};
		B7A829A0267CDF85002FAD45 /* Debug */ = {
			isa = XCBuildConfiguration;
			buildSettings = {
				CODE_SIGN_STYLE = Automatic;
				DEVELOPMENT_TEAM = P88D7RG3CN;
				ENABLE_HARDENED_RUNTIME = YES;
				PRODUCT_NAME = "$(TARGET_NAME)";
			};
			name = Debug;
		};
		B7A829A1267CDF85002FAD45 /* Release */ = {
			isa = XCBuildConfiguration;
			buildSettings = {
				CODE_SIGN_STYLE = Automatic;
				DEVELOPMENT_TEAM = P88D7RG3CN;
				ENABLE_HARDENED_RUNTIME = YES;
				PRODUCT_NAME = "$(TARGET_NAME)";
			};
			name = Release;
		};
/* End XCBuildConfiguration section */

/* Begin XCConfigurationList section */
		B7A82993267CDF85002FAD45 /* Build configuration list for PBXProject "Objective-C(LessonOneManual)" */ = {
			isa = XCConfigurationList;
			buildConfigurations = (
				B7A8299D267CDF85002FAD45 /* Debug */,
				B7A8299E267CDF85002FAD45 /* Release */,
			);
			defaultConfigurationIsVisible = 0;
			defaultConfigurationName = Release;
		};
		B7A8299F267CDF85002FAD45 /* Build configuration list for PBXNativeTarget "Objective-C(LessonOneManual)" */ = {
			isa = XCConfigurationList;
			buildConfigurations = (
				B7A829A0267CDF85002FAD45 /* Debug */,
				B7A829A1267CDF85002FAD45 /* Release */,
			);
			defaultConfigurationIsVisible = 0;
			defaultConfigurationName = Release;
		};
/* End XCConfigurationList section */
	};
	rootObject = B7A82990267CDF85002FAD45 /* Project object */;
}
